
Microsoft Visual Studio Solution File, Format Version 12.00
# Visual Studio Version 17
VisualStudioVersion = 17.1.32421.90
MinimumVisualStudioVersion = 10.0.40219.1
Project("{FAE04EC0-301F-11D3-BF4B-00C04F79EFBC}") = "Task7", "Task7\Task7.csproj", "{16C0CA83-73D1-4A42-8075-95F121B36469}"
EndProject
Global
	GlobalSection(SolutionConfigurationPlatforms) = preSolution
		Debug|Any CPU = Debug|Any CPU
		Release|Any CPU = Release|Any CPU
	EndGlobalSection
	GlobalSection(ProjectConfigurationPlatforms) = postSolution
		{16C0CA83-73D1-4A42-8075-95F121B36469}.Debug|Any CPU.ActiveCfg = Debug|Any CPU
		{16C0CA83-73D1-4A42-8075-95F121B36469}.Debug|Any CPU.Build.0 = Debug|Any CPU
		{16C0CA83-73D1-4A42-8075-95F121B36469}.Release|Any CPU.ActiveCfg = Release|Any CPU
		{16C0CA83-73D1-4A42-8075-95F121B36469}.Release|Any CPU.Build.0 = Release|Any CPU
	EndGlobalSection
	GlobalSection(SolutionProperties) = preSolution
		HideSolutionNode = FALSE
	EndGlobalSection
	GlobalSection(ExtensibilityGlobals) = postSolution
		SolutionGuid = {7034D3BB-7ACA-4B2A-B9EE-17047B22BF41}
	EndGlobalSection
EndGlobal
