
Microsoft Visual Studio Solution File, Format Version 12.00
# Visual Studio Version 17
VisualStudioVersion = 17.1.32421.90
MinimumVisualStudioVersion = 10.0.40219.1
Project("{FAE04EC0-301F-11D3-BF4B-00C04F79EFBC}") = "Task5", "Task5\Task5.csproj", "{FFEA6C2B-08E0-4675-8D7A-1434532AE5FA}"
EndProject
Global
	GlobalSection(SolutionConfigurationPlatforms) = preSolution
		Debug|Any CPU = Debug|Any CPU
		Release|Any CPU = Release|Any CPU
	EndGlobalSection
	GlobalSection(ProjectConfigurationPlatforms) = postSolution
		{FFEA6C2B-08E0-4675-8D7A-1434532AE5FA}.Debug|Any CPU.ActiveCfg = Debug|Any CPU
		{FFEA6C2B-08E0-4675-8D7A-1434532AE5FA}.Debug|Any CPU.Build.0 = Debug|Any CPU
		{FFEA6C2B-08E0-4675-8D7A-1434532AE5FA}.Release|Any CPU.ActiveCfg = Release|Any CPU
		{FFEA6C2B-08E0-4675-8D7A-1434532AE5FA}.Release|Any CPU.Build.0 = Release|Any CPU
	EndGlobalSection
	GlobalSection(SolutionProperties) = preSolution
		HideSolutionNode = FALSE
	EndGlobalSection
	GlobalSection(ExtensibilityGlobals) = postSolution
		SolutionGuid = {2E04259E-0A58-4509-ACFE-DB0DE645E0A7}
	EndGlobalSection
EndGlobal
