
Microsoft Visual Studio Solution File, Format Version 12.00
# Visual Studio Version 17
VisualStudioVersion = 17.1.32421.90
MinimumVisualStudioVersion = 10.0.40219.1
Project("{FAE04EC0-301F-11D3-BF4B-00C04F79EFBC}") = "Task6", "Task6\Task6.csproj", "{F7F7C16F-103A-4D92-BD5E-D85814E501E6}"
EndProject
Global
	GlobalSection(SolutionConfigurationPlatforms) = preSolution
		Debug|Any CPU = Debug|Any CPU
		Release|Any CPU = Release|Any CPU
	EndGlobalSection
	GlobalSection(ProjectConfigurationPlatforms) = postSolution
		{F7F7C16F-103A-4D92-BD5E-D85814E501E6}.Debug|Any CPU.ActiveCfg = Debug|Any CPU
		{F7F7C16F-103A-4D92-BD5E-D85814E501E6}.Debug|Any CPU.Build.0 = Debug|Any CPU
		{F7F7C16F-103A-4D92-BD5E-D85814E501E6}.Release|Any CPU.ActiveCfg = Release|Any CPU
		{F7F7C16F-103A-4D92-BD5E-D85814E501E6}.Release|Any CPU.Build.0 = Release|Any CPU
	EndGlobalSection
	GlobalSection(SolutionProperties) = preSolution
		HideSolutionNode = FALSE
	EndGlobalSection
	GlobalSection(ExtensibilityGlobals) = postSolution
		SolutionGuid = {B52F8B0D-6AFB-4A46-848A-5F6922AA9626}
	EndGlobalSection
EndGlobal
